
Microsoft Visual Studio Solution File, Format Version 12.00
# Visual Studio Version 16
VisualStudioVersion = 16.0.29411.108
MinimumVisualStudioVersion = 10.0.40219.1
Project("{FAE04EC0-301F-11D3-BF4B-00C04F79EFBC}") = "GoutamExamFinal", "GoutamExamFinal\GoutamExamFinal.csproj", "{0DFA0BCB-25AF-4DA4-9281-6C3FD792BA71}"
EndProject
Global
	GlobalSection(SolutionConfigurationPlatforms) = preSolution
		Debug|Any CPU = Debug|Any CPU
		Release|Any CPU = Release|Any CPU
	EndGlobalSection
	GlobalSection(ProjectConfigurationPlatforms) = postSolution
		{0DFA0BCB-25AF-4DA4-9281-6C3FD792BA71}.Debug|Any CPU.ActiveCfg = Debug|Any CPU
		{0DFA0BCB-25AF-4DA4-9281-6C3FD792BA71}.Debug|Any CPU.Build.0 = Debug|Any CPU
		{0DFA0BCB-25AF-4DA4-9281-6C3FD792BA71}.Release|Any CPU.ActiveCfg = Release|Any CPU
		{0DFA0BCB-25AF-4DA4-9281-6C3FD792BA71}.Release|Any CPU.Build.0 = Release|Any CPU
	EndGlobalSection
	GlobalSection(SolutionProperties) = preSolution
		HideSolutionNode = FALSE
	EndGlobalSection
	GlobalSection(ExtensibilityGlobals) = postSolution
		SolutionGuid = {4854C635-0891-4C78-97BB-B9E63216A66B}
	EndGlobalSection
EndGlobal
